// !$*UTF8*$!
{
	archiveVersion = 1;
	classes = {
	};
	objectVersion = 50;
	objects = {

/* Begin PBXBuildFile section */
		F94A228723E98AF000C9EB13 /* Movie.swift in Sources */ = {isa = PBXBuildFile; fileRef = F94A228623E98AF000C9EB13 /* Movie.swift */; };
		F94A228923E9A6FB00C9EB13 /* BooksViewController.swift in Sources */ = {isa = PBXBuildFile; fileRef = F94A228823E9A6FB00C9EB13 /* BooksViewController.swift */; };
		F94A228B23E9A78400C9EB13 /* ItemsViewController.swift in Sources */ = {isa = PBXBuildFile; fileRef = F94A228A23E9A78400C9EB13 /* ItemsViewController.swift */; };
		F94A228D23E9A90E00C9EB13 /* Book.swift in Sources */ = {isa = PBXBuildFile; fileRef = F94A228C23E9A90E00C9EB13 /* Book.swift */; };
		F94A228F23E9A9B400C9EB13 /* Item.swift in Sources */ = {isa = PBXBuildFile; fileRef = F94A228E23E9A9B400C9EB13 /* Item.swift */; };
		F94A229123E9AC6D00C9EB13 /* AuthorsViewController.swift in Sources */ = {isa = PBXBuildFile; fileRef = F94A229023E9AC6D00C9EB13 /* AuthorsViewController.swift */; };
		F94A229323E9ADE400C9EB13 /* AddItemViewController.swift in Sources */ = {isa = PBXBuildFile; fileRef = F94A229223E9ADE400C9EB13 /* AddItemViewController.swift */; };
		F94A229523E9BB6400C9EB13 /* Author.swift in Sources */ = {isa = PBXBuildFile; fileRef = F94A229423E9BB6400C9EB13 /* Author.swift */; };
		F94A229723E9C07C00C9EB13 /* ItemDetailsViewController.swift in Sources */ = {isa = PBXBuildFile; fileRef = F94A229623E9C07C00C9EB13 /* ItemDetailsViewController.swift */; };
		F9553A7223EAA76A003CF10D /* GenreCollectionViewCell.swift in Sources */ = {isa = PBXBuildFile; fileRef = F9553A7023EAA76A003CF10D /* GenreCollectionViewCell.swift */; };
		F9553A7323EAA76A003CF10D /* GenreCollectionViewCell.xib in Resources */ = {isa = PBXBuildFile; fileRef = F9553A7123EAA76A003CF10D /* GenreCollectionViewCell.xib */; };
		F9553A7523EADCEF003CF10D /* FakeDatabase.swift in Sources */ = {isa = PBXBuildFile; fileRef = F9553A7423EADCEF003CF10D /* FakeDatabase.swift */; };
		F9589A5E23EC01E600F7A70B /* AddMovieGenreViewController.swift in Sources */ = {isa = PBXBuildFile; fileRef = F9589A5D23EC01E600F7A70B /* AddMovieGenreViewController.swift */; };
		F9B159B923E971F60083FD68 /* AppDelegate.swift in Sources */ = {isa = PBXBuildFile; fileRef = F9B159B823E971F60083FD68 /* AppDelegate.swift */; };
		F9B159BB23E971F60083FD68 /* SceneDelegate.swift in Sources */ = {isa = PBXBuildFile; fileRef = F9B159BA23E971F60083FD68 /* SceneDelegate.swift */; };
		F9B159BD23E971F60083FD68 /* MoviesViewController.swift in Sources */ = {isa = PBXBuildFile; fileRef = F9B159BC23E971F60083FD68 /* MoviesViewController.swift */; };
		F9B159C023E971F60083FD68 /* Main.storyboard in Resources */ = {isa = PBXBuildFile; fileRef = F9B159BE23E971F60083FD68 /* Main.storyboard */; };
		F9B159C223E971F60083FD68 /* Assets.xcassets in Resources */ = {isa = PBXBuildFile; fileRef = F9B159C123E971F60083FD68 /* Assets.xcassets */; };
		F9B159C523E971F60083FD68 /* LaunchScreen.storyboard in Resources */ = {isa = PBXBuildFile; fileRef = F9B159C323E971F60083FD68 /* LaunchScreen.storyboard */; };
		F9B159CE23E988820083FD68 /* MovieTableViewCell.swift in Sources */ = {isa = PBXBuildFile; fileRef = F9B159CC23E988820083FD68 /* MovieTableViewCell.swift */; };
		F9B159CF23E988820083FD68 /* MovieTableViewCell.xib in Resources */ = {isa = PBXBuildFile; fileRef = F9B159CD23E988820083FD68 /* MovieTableViewCell.xib */; };
/* End PBXBuildFile section */

/* Begin PBXFileReference section */
		F94A228623E98AF000C9EB13 /* Movie.swift */ = {isa = PBXFileReference; lastKnownFileType = sourcecode.swift; path = Movie.swift; sourceTree = "<group>"; };
		F94A228823E9A6FB00C9EB13 /* BooksViewController.swift */ = {isa = PBXFileReference; lastKnownFileType = sourcecode.swift; path = BooksViewController.swift; sourceTree = "<group>"; };
		F94A228A23E9A78400C9EB13 /* ItemsViewController.swift */ = {isa = PBXFileReference; lastKnownFileType = sourcecode.swift; path = ItemsViewController.swift; sourceTree = "<group>"; };
		F94A228C23E9A90E00C9EB13 /* Book.swift */ = {isa = PBXFileReference; lastKnownFileType = sourcecode.swift; path = Book.swift; sourceTree = "<group>"; };
		F94A228E23E9A9B400C9EB13 /* Item.swift */ = {isa = PBXFileReference; lastKnownFileType = sourcecode.swift; path = Item.swift; sourceTree = "<group>"; };
		F94A229023E9AC6D00C9EB13 /* AuthorsViewController.swift */ = {isa = PBXFileReference; lastKnownFileType = sourcecode.swift; path = AuthorsViewController.swift; sourceTree = "<group>"; };
		F94A229223E9ADE400C9EB13 /* AddItemViewController.swift */ = {isa = PBXFileReference; lastKnownFileType = sourcecode.swift; path = AddItemViewController.swift; sourceTree = "<group>"; };
		F94A229423E9BB6400C9EB13 /* Author.swift */ = {isa = PBXFileReference; lastKnownFileType = sourcecode.swift; path = Author.swift; sourceTree = "<group>"; };
		F94A229623E9C07C00C9EB13 /* ItemDetailsViewController.swift */ = {isa = PBXFileReference; lastKnownFileType = sourcecode.swift; path = ItemDetailsViewController.swift; sourceTree = "<group>"; };
		F9553A7023EAA76A003CF10D /* GenreCollectionViewCell.swift */ = {isa = PBXFileReference; lastKnownFileType = sourcecode.swift; path = GenreCollectionViewCell.swift; sourceTree = "<group>"; };
		F9553A7123EAA76A003CF10D /* GenreCollectionViewCell.xib */ = {isa = PBXFileReference; lastKnownFileType = file.xib; path = GenreCollectionViewCell.xib; sourceTree = "<group>"; };
		F9553A7423EADCEF003CF10D /* FakeDatabase.swift */ = {isa = PBXFileReference; lastKnownFileType = sourcecode.swift; path = FakeDatabase.swift; sourceTree = "<group>"; };
		F9589A5D23EC01E600F7A70B /* AddMovieGenreViewController.swift */ = {isa = PBXFileReference; lastKnownFileType = sourcecode.swift; path = AddMovieGenreViewController.swift; sourceTree = "<group>"; };
		F9B159B523E971F60083FD68 /* ViewControllers-6-ExerciseBooksMoviesList.app */ = {isa = PBXFileReference; explicitFileType = wrapper.application; includeInIndex = 0; path = "ViewControllers-6-ExerciseBooksMoviesList.app"; sourceTree = BUILT_PRODUCTS_DIR; };
		F9B159B823E971F60083FD68 /* AppDelegate.swift */ = {isa = PBXFileReference; lastKnownFileType = sourcecode.swift; path = AppDelegate.swift; sourceTree = "<group>"; };
		F9B159BA23E971F60083FD68 /* SceneDelegate.swift */ = {isa = PBXFileReference; lastKnownFileType = sourcecode.swift; path = SceneDelegate.swift; sourceTree = "<group>"; };
		F9B159BC23E971F60083FD68 /* MoviesViewController.swift */ = {isa = PBXFileReference; lastKnownFileType = sourcecode.swift; path = MoviesViewController.swift; sourceTree = "<group>"; };
		F9B159BF23E971F60083FD68 /* Base */ = {isa = PBXFileReference; lastKnownFileType = file.storyboard; name = Base; path = Base.lproj/Main.storyboard; sourceTree = "<group>"; };
		F9B159C123E971F60083FD68 /* Assets.xcassets */ = {isa = PBXFileReference; lastKnownFileType = folder.assetcatalog; path = Assets.xcassets; sourceTree = "<group>"; };
		F9B159C423E971F60083FD68 /* Base */ = {isa = PBXFileReference; lastKnownFileType = file.storyboard; name = Base; path = Base.lproj/LaunchScreen.storyboard; sourceTree = "<group>"; };
		F9B159C623E971F60083FD68 /* Info.plist */ = {isa = PBXFileReference; lastKnownFileType = text.plist.xml; path = Info.plist; sourceTree = "<group>"; };
		F9B159CC23E988820083FD68 /* MovieTableViewCell.swift */ = {isa = PBXFileReference; lastKnownFileType = sourcecode.swift; path = MovieTableViewCell.swift; sourceTree = "<group>"; };
		F9B159CD23E988820083FD68 /* MovieTableViewCell.xib */ = {isa = PBXFileReference; lastKnownFileType = file.xib; path = MovieTableViewCell.xib; sourceTree = "<group>"; };
/* End PBXFileReference section */

/* Begin PBXFrameworksBuildPhase section */
		F9B159B223E971F60083FD68 /* Frameworks */ = {
			isa = PBXFrameworksBuildPhase;
			buildActionMask = 2147483647;
			files = (
			);
			runOnlyForDeploymentPostprocessing = 0;
		};
/* End PBXFrameworksBuildPhase section */

/* Begin PBXGroup section */
		F94A229823E9C51200C9EB13 /* Entities */ = {
			isa = PBXGroup;
			children = (
				F94A228623E98AF000C9EB13 /* Movie.swift */,
				F94A228C23E9A90E00C9EB13 /* Book.swift */,
				F94A228E23E9A9B400C9EB13 /* Item.swift */,
				F94A229423E9BB6400C9EB13 /* Author.swift */,
			);
			path = Entities;
			sourceTree = "<group>";
		};
		F9B159AC23E971F60083FD68 = {
			isa = PBXGroup;
			children = (
				F9B159B723E971F60083FD68 /* ViewControllers-6-ExerciseBooksMoviesList */,
				F9B159B623E971F60083FD68 /* Products */,
			);
			sourceTree = "<group>";
		};
		F9B159B623E971F60083FD68 /* Products */ = {
			isa = PBXGroup;
			children = (
				F9B159B523E971F60083FD68 /* ViewControllers-6-ExerciseBooksMoviesList.app */,
			);
			name = Products;
			sourceTree = "<group>";
		};
		F9B159B723E971F60083FD68 /* ViewControllers-6-ExerciseBooksMoviesList */ = {
			isa = PBXGroup;
			children = (
				F94A229823E9C51200C9EB13 /* Entities */,
				F9B159B823E971F60083FD68 /* AppDelegate.swift */,
				F9B159BA23E971F60083FD68 /* SceneDelegate.swift */,
				F9B159BC23E971F60083FD68 /* MoviesViewController.swift */,
				F9B159BE23E971F60083FD68 /* Main.storyboard */,
				F9B159C123E971F60083FD68 /* Assets.xcassets */,
				F9B159C323E971F60083FD68 /* LaunchScreen.storyboard */,
				F9B159C623E971F60083FD68 /* Info.plist */,
				F9B159CC23E988820083FD68 /* MovieTableViewCell.swift */,
				F9B159CD23E988820083FD68 /* MovieTableViewCell.xib */,
				F94A228823E9A6FB00C9EB13 /* BooksViewController.swift */,
				F94A228A23E9A78400C9EB13 /* ItemsViewController.swift */,
				F94A229023E9AC6D00C9EB13 /* AuthorsViewController.swift */,
				F94A229223E9ADE400C9EB13 /* AddItemViewController.swift */,
				F94A229623E9C07C00C9EB13 /* ItemDetailsViewController.swift */,
				F9553A7023EAA76A003CF10D /* GenreCollectionViewCell.swift */,
				F9553A7123EAA76A003CF10D /* GenreCollectionViewCell.xib */,
				F9553A7423EADCEF003CF10D /* FakeDatabase.swift */,
				F9589A5D23EC01E600F7A70B /* AddMovieGenreViewController.swift */,
			);
			path = "ViewControllers-6-ExerciseBooksMoviesList";
			sourceTree = "<group>";
		};
/* End PBXGroup section */

/* Begin PBXNativeTarget section */
		F9B159B423E971F60083FD68 /* ViewControllers-6-ExerciseBooksMoviesList */ = {
			isa = PBXNativeTarget;
			buildConfigurationList = F9B159C923E971F60083FD68 /* Build configuration list for PBXNativeTarget "ViewControllers-6-ExerciseBooksMoviesList" */;
			buildPhases = (
				F9B159B123E971F60083FD68 /* Sources */,
				F9B159B223E971F60083FD68 /* Frameworks */,
				F9B159B323E971F60083FD68 /* Resources */,
			);
			buildRules = (
			);
			dependencies = (
			);
			name = "ViewControllers-6-ExerciseBooksMoviesList";
			productName = "ViewControllers-6-ExerciseBooksMoviesList";
			productReference = F9B159B523E971F60083FD68 /* ViewControllers-6-ExerciseBooksMoviesList.app */;
			productType = "com.apple.product-type.application";
		};
/* End PBXNativeTarget section */

/* Begin PBXProject section */
		F9B159AD23E971F60083FD68 /* Project object */ = {
			isa = PBXProject;
			attributes = {
				LastSwiftUpdateCheck = 1120;
				LastUpgradeCheck = 1120;
				ORGANIZATIONNAME = student5310;
				TargetAttributes = {
					F9B159B423E971F60083FD68 = {
						CreatedOnToolsVersion = 11.2.1;
					};
				};
			};
			buildConfigurationList = F9B159B023E971F60083FD68 /* Build configuration list for PBXProject "ViewControllers-6-ExerciseBooksMoviesList" */;
			compatibilityVersion = "Xcode 9.3";
			developmentRegion = en;
			hasScannedForEncodings = 0;
			knownRegions = (
				en,
				Base,
			);
			mainGroup = F9B159AC23E971F60083FD68;
			productRefGroup = F9B159B623E971F60083FD68 /* Products */;
			projectDirPath = "";
			projectRoot = "";
			targets = (
				F9B159B423E971F60083FD68 /* ViewControllers-6-ExerciseBooksMoviesList */,
			);
		};
/* End PBXProject section */

/* Begin PBXResourcesBuildPhase section */
		F9B159B323E971F60083FD68 /* Resources */ = {
			isa = PBXResourcesBuildPhase;
			buildActionMask = 2147483647;
			files = (
				F9B159C523E971F60083FD68 /* LaunchScreen.storyboard in Resources */,
				F9B159C223E971F60083FD68 /* Assets.xcassets in Resources */,
				F9553A7323EAA76A003CF10D /* GenreCollectionViewCell.xib in Resources */,
				F9B159CF23E988820083FD68 /* MovieTableViewCell.xib in Resources */,
				F9B159C023E971F60083FD68 /* Main.storyboard in Resources */,
			);
			runOnlyForDeploymentPostprocessing = 0;
		};
/* End PBXResourcesBuildPhase section */

/* Begin PBXSourcesBuildPhase section */
		F9B159B123E971F60083FD68 /* Sources */ = {
			isa = PBXSourcesBuildPhase;
			buildActionMask = 2147483647;
			files = (
				F9553A7223EAA76A003CF10D /* GenreCollectionViewCell.swift in Sources */,
				F94A228D23E9A90E00C9EB13 /* Book.swift in Sources */,
				F94A229523E9BB6400C9EB13 /* Author.swift in Sources */,
				F94A228F23E9A9B400C9EB13 /* Item.swift in Sources */,
				F9B159BD23E971F60083FD68 /* MoviesViewController.swift in Sources */,
				F9B159B923E971F60083FD68 /* AppDelegate.swift in Sources */,
				F9B159CE23E988820083FD68 /* MovieTableViewCell.swift in Sources */,
				F94A229123E9AC6D00C9EB13 /* AuthorsViewController.swift in Sources */,
				F9B159BB23E971F60083FD68 /* SceneDelegate.swift in Sources */,
				F9553A7523EADCEF003CF10D /* FakeDatabase.swift in Sources */,
				F94A228B23E9A78400C9EB13 /* ItemsViewController.swift in Sources */,
				F94A229723E9C07C00C9EB13 /* ItemDetailsViewController.swift in Sources */,
				F94A228723E98AF000C9EB13 /* Movie.swift in Sources */,
				F94A228923E9A6FB00C9EB13 /* BooksViewController.swift in Sources */,
				F94A229323E9ADE400C9EB13 /* AddItemViewController.swift in Sources */,
				F9589A5E23EC01E600F7A70B /* AddMovieGenreViewController.swift in Sources */,
			);
			runOnlyForDeploymentPostprocessing = 0;
		};
/* End PBXSourcesBuildPhase section */

/* Begin PBXVariantGroup section */
		F9B159BE23E971F60083FD68 /* Main.storyboard */ = {
			isa = PBXVariantGroup;
			children = (
				F9B159BF23E971F60083FD68 /* Base */,
			);
			name = Main.storyboard;
			sourceTree = "<group>";
		};
		F9B159C323E971F60083FD68 /* LaunchScreen.storyboard */ = {
			isa = PBXVariantGroup;
			children = (
				F9B159C423E971F60083FD68 /* Base */,
			);
			name = LaunchScreen.storyboard;
			sourceTree = "<group>";
		};
/* End PBXVariantGroup section */

/* Begin XCBuildConfiguration section */
		F9B159C723E971F60083FD68 /* Debug */ = {
			isa = XCBuildConfiguration;
			buildSettings = {
				ALWAYS_SEARCH_USER_PATHS = NO;
				CLANG_ANALYZER_NONNULL = YES;
				CLANG_ANALYZER_NUMBER_OBJECT_CONVERSION = YES_AGGRESSIVE;
				CLANG_CXX_LANGUAGE_STANDARD = "gnu++14";
				CLANG_CXX_LIBRARY = "libc++";
				CLANG_ENABLE_MODULES = YES;
				CLANG_ENABLE_OBJC_ARC = YES;
				CLANG_ENABLE_OBJC_WEAK = YES;
				CLANG_WARN_BLOCK_CAPTURE_AUTORELEASING = YES;
				CLANG_WARN_BOOL_CONVERSION = YES;
				CLANG_WARN_COMMA = YES;
				CLANG_WARN_CONSTANT_CONVERSION = YES;
				CLANG_WARN_DEPRECATED_OBJC_IMPLEMENTATIONS = YES;
				CLANG_WARN_DIRECT_OBJC_ISA_USAGE = YES_ERROR;
				CLANG_WARN_DOCUMENTATION_COMMENTS = YES;
				CLANG_WARN_EMPTY_BODY = YES;
				CLANG_WARN_ENUM_CONVERSION = YES;
				CLANG_WARN_INFINITE_RECURSION = YES;
				CLANG_WARN_INT_CONVERSION = YES;
				CLANG_WARN_NON_LITERAL_NULL_CONVERSION = YES;
				CLANG_WARN_OBJC_IMPLICIT_RETAIN_SELF = YES;
				CLANG_WARN_OBJC_LITERAL_CONVERSION = YES;
				CLANG_WARN_OBJC_ROOT_CLASS = YES_ERROR;
				CLANG_WARN_RANGE_LOOP_ANALYSIS = YES;
				CLANG_WARN_STRICT_PROTOTYPES = YES;
				CLANG_WARN_SUSPICIOUS_MOVE = YES;
				CLANG_WARN_UNGUARDED_AVAILABILITY = YES_AGGRESSIVE;
				CLANG_WARN_UNREACHABLE_CODE = YES;
				CLANG_WARN__DUPLICATE_METHOD_MATCH = YES;
				COPY_PHASE_STRIP = NO;
				DEBUG_INFORMATION_FORMAT = dwarf;
				ENABLE_STRICT_OBJC_MSGSEND = YES;
				ENABLE_TESTABILITY = YES;
				GCC_C_LANGUAGE_STANDARD = gnu11;
				GCC_DYNAMIC_NO_PIC = NO;
				GCC_NO_COMMON_BLOCKS = YES;
				GCC_OPTIMIZATION_LEVEL = 0;
				GCC_PREPROCESSOR_DEFINITIONS = (
					"DEBUG=1",
					"$(inherited)",
				);
				GCC_WARN_64_TO_32_BIT_CONVERSION = YES;
				GCC_WARN_ABOUT_RETURN_TYPE = YES_ERROR;
				GCC_WARN_UNDECLARED_SELECTOR = YES;
				GCC_WARN_UNINITIALIZED_AUTOS = YES_AGGRESSIVE;
				GCC_WARN_UNUSED_FUNCTION = YES;
				GCC_WARN_UNUSED_VARIABLE = YES;
				IPHONEOS_DEPLOYMENT_TARGET = 13.2;
				MTL_ENABLE_DEBUG_INFO = INCLUDE_SOURCE;
				MTL_FAST_MATH = YES;
				ONLY_ACTIVE_ARCH = YES;
				SDKROOT = iphoneos;
				SWIFT_ACTIVE_COMPILATION_CONDITIONS = DEBUG;
				SWIFT_OPTIMIZATION_LEVEL = "-Onone";
			};
			name = Debug;
		};
		F9B159C823E971F60083FD68 /* Release */ = {
			isa = XCBuildConfiguration;
			buildSettings = {
				ALWAYS_SEARCH_USER_PATHS = NO;
				CLANG_ANALYZER_NONNULL = YES;
				CLANG_ANALYZER_NUMBER_OBJECT_CONVERSION = YES_AGGRESSIVE;
				CLANG_CXX_LANGUAGE_STANDARD = "gnu++14";
				CLANG_CXX_LIBRARY = "libc++";
				CLANG_ENABLE_MODULES = YES;
				CLANG_ENABLE_OBJC_ARC = YES;
				CLANG_ENABLE_OBJC_WEAK = YES;
				CLANG_WARN_BLOCK_CAPTURE_AUTORELEASING = YES;
				CLANG_WARN_BOOL_CONVERSION = YES;
				CLANG_WARN_COMMA = YES;
				CLANG_WARN_CONSTANT_CONVERSION = YES;
				CLANG_WARN_DEPRECATED_OBJC_IMPLEMENTATIONS = YES;
				CLANG_WARN_DIRECT_OBJC_ISA_USAGE = YES_ERROR;
				CLANG_WARN_DOCUMENTATION_COMMENTS = YES;
				CLANG_WARN_EMPTY_BODY = YES;
				CLANG_WARN_ENUM_CONVERSION = YES;
				CLANG_WARN_INFINITE_RECURSION = YES;
				CLANG_WARN_INT_CONVERSION = YES;
				CLANG_WARN_NON_LITERAL_NULL_CONVERSION = YES;
				CLANG_WARN_OBJC_IMPLICIT_RETAIN_SELF = YES;
				CLANG_WARN_OBJC_LITERAL_CONVERSION = YES;
				CLANG_WARN_OBJC_ROOT_CLASS = YES_ERROR;
				CLANG_WARN_RANGE_LOOP_ANALYSIS = YES;
				CLANG_WARN_STRICT_PROTOTYPES = YES;
				CLANG_WARN_SUSPICIOUS_MOVE = YES;
				CLANG_WARN_UNGUARDED_AVAILABILITY = YES_AGGRESSIVE;
				CLANG_WARN_UNREACHABLE_CODE = YES;
				CLANG_WARN__DUPLICATE_METHOD_MATCH = YES;
				COPY_PHASE_STRIP = NO;
				DEBUG_INFORMATION_FORMAT = "dwarf-with-dsym";
				ENABLE_NS_ASSERTIONS = NO;
				ENABLE_STRICT_OBJC_MSGSEND = YES;
				GCC_C_LANGUAGE_STANDARD = gnu11;
				GCC_NO_COMMON_BLOCKS = YES;
				GCC_WARN_64_TO_32_BIT_CONVERSION = YES;
				GCC_WARN_ABOUT_RETURN_TYPE = YES_ERROR;
				GCC_WARN_UNDECLARED_SELECTOR = YES;
				GCC_WARN_UNINITIALIZED_AUTOS = YES_AGGRESSIVE;
				GCC_WARN_UNUSED_FUNCTION = YES;
				GCC_WARN_UNUSED_VARIABLE = YES;
				IPHONEOS_DEPLOYMENT_TARGET = 13.2;
				MTL_ENABLE_DEBUG_INFO = NO;
				MTL_FAST_MATH = YES;
				SDKROOT = iphoneos;
				SWIFT_COMPILATION_MODE = wholemodule;
				SWIFT_OPTIMIZATION_LEVEL = "-O";
				VALIDATE_PRODUCT = YES;
			};
			name = Release;
		};
		F9B159CA23E971F60083FD68 /* Debug */ = {
			isa = XCBuildConfiguration;
			buildSettings = {
				ASSETCATALOG_COMPILER_APPICON_NAME = AppIcon;
				CODE_SIGN_STYLE = Automatic;
				INFOPLIST_FILE = "ViewControllers-6-ExerciseBooksMoviesList/Info.plist";
				LD_RUNPATH_SEARCH_PATHS = (
					"$(inherited)",
					"@executable_path/Frameworks",
				);
				PRODUCT_BUNDLE_IDENTIFIER = "be.technifutur.devmob9.ViewControllers-6-ExerciseBooksMoviesList";
				PRODUCT_NAME = "$(TARGET_NAME)";
				SWIFT_VERSION = 5.0;
				TARGETED_DEVICE_FAMILY = "1,2";
			};
			name = Debug;
		};
		F9B159CB23E971F60083FD68 /* Release */ = {
			isa = XCBuildConfiguration;
			buildSettings = {
				ASSETCATALOG_COMPILER_APPICON_NAME = AppIcon;
				CODE_SIGN_STYLE = Automatic;
				INFOPLIST_FILE = "ViewControllers-6-ExerciseBooksMoviesList/Info.plist";
				LD_RUNPATH_SEARCH_PATHS = (
					"$(inherited)",
					"@executable_path/Frameworks",
				);
				PRODUCT_BUNDLE_IDENTIFIER = "be.technifutur.devmob9.ViewControllers-6-ExerciseBooksMoviesList";
				PRODUCT_NAME = "$(TARGET_NAME)";
				SWIFT_VERSION = 5.0;
				TARGETED_DEVICE_FAMILY = "1,2";
			};
			name = Release;
		};
/* End XCBuildConfiguration section */

/* Begin XCConfigurationList section */
		F9B159B023E971F60083FD68 /* Build configuration list for PBXProject "ViewControllers-6-ExerciseBooksMoviesList" */ = {
			isa = XCConfigurationList;
			buildConfigurations = (
				F9B159C723E971F60083FD68 /* Debug */,
				F9B159C823E971F60083FD68 /* Release */,
			);
			defaultConfigurationIsVisible = 0;
			defaultConfigurationName = Release;
		};
		F9B159C923E971F60083FD68 /* Build configuration list for PBXNativeTarget "ViewControllers-6-ExerciseBooksMoviesList" */ = {
			isa = XCConfigurationList;
			buildConfigurations = (
				F9B159CA23E971F60083FD68 /* Debug */,
				F9B159CB23E971F60083FD68 /* Release */,
			);
			defaultConfigurationIsVisible = 0;
			defaultConfigurationName = Release;
		};
/* End XCConfigurationList section */
	};
	rootObject = F9B159AD23E971F60083FD68 /* Project object */;
}
